
Microsoft Visual Studio Solution File, Format Version 12.00
Project("{FAE04EC0-301F-11D3-BF4B-00C04F79EFBC}") = "Arbitrary", "Arbitrary\Arbitrary.csproj", "{5A7BD01E-79E7-4864-99EF-E1AED24BF657}"
EndProject
Project("{FAE04EC0-301F-11D3-BF4B-00C04F79EFBC}") = "ArbitraryTest", "ArbitraryTest\ArbitraryTest.csproj", "{A3C40B56-4DBA-4EBC-9241-24A67D4D162E}"
EndProject
Global
	GlobalSection(SolutionConfigurationPlatforms) = preSolution
		Debug|Any CPU = Debug|Any CPU
		Release|Any CPU = Release|Any CPU
	EndGlobalSection
	GlobalSection(ProjectConfigurationPlatforms) = postSolution
		{5A7BD01E-79E7-4864-99EF-E1AED24BF657}.Debug|Any CPU.ActiveCfg = Debug|Any CPU
		{5A7BD01E-79E7-4864-99EF-E1AED24BF657}.Debug|Any CPU.Build.0 = Debug|Any CPU
		{5A7BD01E-79E7-4864-99EF-E1AED24BF657}.Release|Any CPU.ActiveCfg = Release|Any CPU
		{5A7BD01E-79E7-4864-99EF-E1AED24BF657}.Release|Any CPU.Build.0 = Release|Any CPU
		{A3C40B56-4DBA-4EBC-9241-24A67D4D162E}.Debug|Any CPU.ActiveCfg = Debug|Any CPU
		{A3C40B56-4DBA-4EBC-9241-24A67D4D162E}.Debug|Any CPU.Build.0 = Debug|Any CPU
		{A3C40B56-4DBA-4EBC-9241-24A67D4D162E}.Release|Any CPU.ActiveCfg = Release|Any CPU
		{A3C40B56-4DBA-4EBC-9241-24A67D4D162E}.Release|Any CPU.Build.0 = Release|Any CPU
	EndGlobalSection
EndGlobal
